
Microsoft Visual Studio Solution File, Format Version 12.00
# Visual Studio 14
VisualStudioVersion = 14.0.25420.1
MinimumVisualStudioVersion = 10.0.40219.1
Project("{FAE04EC0-301F-11D3-BF4B-00C04F79EFBC}") = "Csn.Retail.Editorial.Web", "Csn.Retail.Editorial.Web\Csn.Retail.Editorial.Web.csproj", "{06B03CFD-DE4C-45FD-9EF8-C88B31B622CB}"
EndProject
Global
	GlobalSection(SolutionConfigurationPlatforms) = preSolution
		Debug|Any CPU = Debug|Any CPU
		Release|Any CPU = Release|Any CPU
		Staging|Any CPU = Staging|Any CPU
		Test|Any CPU = Test|Any CPU
	EndGlobalSection
	GlobalSection(ProjectConfigurationPlatforms) = postSolution
		{06B03CFD-DE4C-45FD-9EF8-C88B31B622CB}.Debug|Any CPU.ActiveCfg = Debug|Any CPU
		{06B03CFD-DE4C-45FD-9EF8-C88B31B622CB}.Debug|Any CPU.Build.0 = Debug|Any CPU
		{06B03CFD-DE4C-45FD-9EF8-C88B31B622CB}.Release|Any CPU.ActiveCfg = Release|Any CPU
		{06B03CFD-DE4C-45FD-9EF8-C88B31B622CB}.Release|Any CPU.Build.0 = Release|Any CPU
		{06B03CFD-DE4C-45FD-9EF8-C88B31B622CB}.Staging|Any CPU.ActiveCfg = Staging|Any CPU
		{06B03CFD-DE4C-45FD-9EF8-C88B31B622CB}.Staging|Any CPU.Build.0 = Staging|Any CPU
		{06B03CFD-DE4C-45FD-9EF8-C88B31B622CB}.Test|Any CPU.ActiveCfg = Test|Any CPU
		{06B03CFD-DE4C-45FD-9EF8-C88B31B622CB}.Test|Any CPU.Build.0 = Test|Any CPU
	EndGlobalSection
	GlobalSection(SolutionProperties) = preSolution
		HideSolutionNode = FALSE
	EndGlobalSection
EndGlobal
