
Microsoft Visual Studio Solution File, Format Version 12.00
# Visual Studio 15
VisualStudioVersion = 15.0.28010.2016
MinimumVisualStudioVersion = 10.0.40219.1
Project("{FAE04EC0-301F-11D3-BF4B-00C04F79EFBC}") = "Csn.Retail.Editorial.Web", "Csn.Retail.Editorial.Web\Csn.Retail.Editorial.Web.csproj", "{06B03CFD-DE4C-45FD-9EF8-C88B31B622CB}"
EndProject
Project("{2150E333-8FDC-42A3-9474-1A3956D46DE8}") = "Tests", "Tests", "{62B030F8-E61D-4152-A0B4-8B3145BFD6F6}"
EndProject
Project("{2150E333-8FDC-42A3-9474-1A3956D46DE8}") = "UnitTests", "UnitTests", "{95001565-A672-4D4F-9B6D-D7FEF51D4DCF}"
EndProject
Project("{FAE04EC0-301F-11D3-BF4B-00C04F79EFBC}") = "Csn.Retail.Editorial.Web.UnitTests", "Csn.Retail.Editorial.Web.UnitTests\Csn.Retail.Editorial.Web.UnitTests.csproj", "{4EBB031D-0901-45CD-B4CB-E5D131213BF9}"
EndProject
Global
	GlobalSection(SolutionConfigurationPlatforms) = preSolution
		Debug|Any CPU = Debug|Any CPU
		LatamRelease|Any CPU = LatamRelease|Any CPU
		LatamStaging|Any CPU = LatamStaging|Any CPU
		Release|Any CPU = Release|Any CPU
		Staging|Any CPU = Staging|Any CPU
		Test|Any CPU = Test|Any CPU
	EndGlobalSection
	GlobalSection(ProjectConfigurationPlatforms) = postSolution
		{06B03CFD-DE4C-45FD-9EF8-C88B31B622CB}.Debug|Any CPU.ActiveCfg = Debug|Any CPU
		{06B03CFD-DE4C-45FD-9EF8-C88B31B622CB}.Debug|Any CPU.Build.0 = Debug|Any CPU
		{06B03CFD-DE4C-45FD-9EF8-C88B31B622CB}.Release|Any CPU.ActiveCfg = Release|Any CPU
		{06B03CFD-DE4C-45FD-9EF8-C88B31B622CB}.Release|Any CPU.Build.0 = Release|Any CPU
		{06B03CFD-DE4C-45FD-9EF8-C88B31B622CB}.Staging|Any CPU.ActiveCfg = Staging|Any CPU
		{06B03CFD-DE4C-45FD-9EF8-C88B31B622CB}.Staging|Any CPU.Build.0 = Staging|Any CPU
		{06B03CFD-DE4C-45FD-9EF8-C88B31B622CB}.Test|Any CPU.ActiveCfg = Test|Any CPU
		{06B03CFD-DE4C-45FD-9EF8-C88B31B622CB}.Test|Any CPU.Build.0 = Test|Any CPU
		{4EBB031D-0901-45CD-B4CB-E5D131213BF9}.Debug|Any CPU.ActiveCfg = Debug|Any CPU
		{4EBB031D-0901-45CD-B4CB-E5D131213BF9}.Debug|Any CPU.Build.0 = Debug|Any CPU
		{4EBB031D-0901-45CD-B4CB-E5D131213BF9}.LatamRelease|Any CPU.ActiveCfg = LatamRelease|Any CPU
		{4EBB031D-0901-45CD-B4CB-E5D131213BF9}.LatamRelease|Any CPU.Build.0 = LatamRelease|Any CPU
		{4EBB031D-0901-45CD-B4CB-E5D131213BF9}.LatamStaging|Any CPU.ActiveCfg = LatamStaging|Any CPU
		{4EBB031D-0901-45CD-B4CB-E5D131213BF9}.LatamStaging|Any CPU.Build.0 = LatamStaging|Any CPU
		{4EBB031D-0901-45CD-B4CB-E5D131213BF9}.Release|Any CPU.ActiveCfg = Release|Any CPU
		{4EBB031D-0901-45CD-B4CB-E5D131213BF9}.Release|Any CPU.Build.0 = Release|Any CPU
		{4EBB031D-0901-45CD-B4CB-E5D131213BF9}.Staging|Any CPU.ActiveCfg = Release|Any CPU
		{4EBB031D-0901-45CD-B4CB-E5D131213BF9}.Staging|Any CPU.Build.0 = Release|Any CPU
		{4EBB031D-0901-45CD-B4CB-E5D131213BF9}.Test|Any CPU.ActiveCfg = Release|Any CPU
		{4EBB031D-0901-45CD-B4CB-E5D131213BF9}.Test|Any CPU.Build.0 = Release|Any CPU
	EndGlobalSection
	GlobalSection(SolutionProperties) = preSolution
		HideSolutionNode = FALSE
	EndGlobalSection
	GlobalSection(NestedProjects) = preSolution
		{95001565-A672-4D4F-9B6D-D7FEF51D4DCF} = {62B030F8-E61D-4152-A0B4-8B3145BFD6F6}
		{4EBB031D-0901-45CD-B4CB-E5D131213BF9} = {95001565-A672-4D4F-9B6D-D7FEF51D4DCF}
	EndGlobalSection
	GlobalSection(ExtensibilityGlobals) = postSolution
		SolutionGuid = {7C992365-393A-4B5B-85BF-7CE4F917521F}
	EndGlobalSection
EndGlobal
